
Microsoft Visual Studio Solution File, Format Version 12.00
# Visual Studio Version 16
VisualStudioVersion = 16.0.30523.141
MinimumVisualStudioVersion = 10.0.40219.1
Project("{FAE04EC0-301F-11D3-BF4B-00C04F79EFBC}") = "ProvaEMC", "ProvaEMC\ProvaEMC.csproj", "{28E122D7-926A-47D5-AC50-51A09F20874D}"
EndProject
Global
	GlobalSection(SolutionConfigurationPlatforms) = preSolution
		Debug|Any CPU = Debug|Any CPU
		Release|Any CPU = Release|Any CPU
	EndGlobalSection
	GlobalSection(ProjectConfigurationPlatforms) = postSolution
		{28E122D7-926A-47D5-AC50-51A09F20874D}.Debug|Any CPU.ActiveCfg = Debug|Any CPU
		{28E122D7-926A-47D5-AC50-51A09F20874D}.Debug|Any CPU.Build.0 = Debug|Any CPU
		{28E122D7-926A-47D5-AC50-51A09F20874D}.Release|Any CPU.ActiveCfg = Release|Any CPU
		{28E122D7-926A-47D5-AC50-51A09F20874D}.Release|Any CPU.Build.0 = Release|Any CPU
	EndGlobalSection
	GlobalSection(SolutionProperties) = preSolution
		HideSolutionNode = FALSE
	EndGlobalSection
	GlobalSection(ExtensibilityGlobals) = postSolution
		SolutionGuid = {F368975E-2965-4A1C-B26F-C4A48F2E2D8E}
	EndGlobalSection
EndGlobal
